
Microsoft Visual Studio Solution File, Format Version 11.00
# Visual Studio 2010
Project("{FAE04EC0-301F-11D3-BF4B-00C04F79EFBC}") = "IntecoAG.XAFExt.Security.Tests.Module", "IntecoAG.XAFExt.Security.Tests.Module\IntecoAG.XAFExt.Security.Tests.Module.csproj", "{8EE8A28F-AD81-4296-9B9F-FA465AC3E15F}"
EndProject
Project("{FAE04EC0-301F-11D3-BF4B-00C04F79EFBC}") = "IntecoAG.XAFExt.Security.Tests.Win", "IntecoAG.XAFExt.Security.Tests.Win\IntecoAG.XAFExt.Security.Tests.Win.csproj", "{5319E0EC-9069-4D88-8A2B-6C999848CA12}"
EndProject
Project("{FAE04EC0-301F-11D3-BF4B-00C04F79EFBC}") = "IntecoAG.XAFExt.Security", "IntecoAG.XAFExt.Security\IntecoAG.XAFExt.Security.csproj", "{C6DB7659-3EE9-4F09-B175-F4DB8E27A207}"
EndProject
Global
	GlobalSection(SolutionConfigurationPlatforms) = preSolution
		Debug|Any CPU = Debug|Any CPU
		EasyTest|Any CPU = EasyTest|Any CPU
		Release|Any CPU = Release|Any CPU
	EndGlobalSection
	GlobalSection(ProjectConfigurationPlatforms) = postSolution
		{8EE8A28F-AD81-4296-9B9F-FA465AC3E15F}.Debug|Any CPU.ActiveCfg = Debug|Any CPU
		{8EE8A28F-AD81-4296-9B9F-FA465AC3E15F}.Debug|Any CPU.Build.0 = Debug|Any CPU
		{8EE8A28F-AD81-4296-9B9F-FA465AC3E15F}.EasyTest|Any CPU.ActiveCfg = EasyTest|Any CPU
		{8EE8A28F-AD81-4296-9B9F-FA465AC3E15F}.EasyTest|Any CPU.Build.0 = EasyTest|Any CPU
		{8EE8A28F-AD81-4296-9B9F-FA465AC3E15F}.Release|Any CPU.ActiveCfg = Release|Any CPU
		{8EE8A28F-AD81-4296-9B9F-FA465AC3E15F}.Release|Any CPU.Build.0 = Release|Any CPU
		{5319E0EC-9069-4D88-8A2B-6C999848CA12}.Debug|Any CPU.ActiveCfg = Debug|Any CPU
		{5319E0EC-9069-4D88-8A2B-6C999848CA12}.Debug|Any CPU.Build.0 = Debug|Any CPU
		{5319E0EC-9069-4D88-8A2B-6C999848CA12}.EasyTest|Any CPU.ActiveCfg = EasyTest|Any CPU
		{5319E0EC-9069-4D88-8A2B-6C999848CA12}.EasyTest|Any CPU.Build.0 = EasyTest|Any CPU
		{5319E0EC-9069-4D88-8A2B-6C999848CA12}.Release|Any CPU.ActiveCfg = Release|Any CPU
		{5319E0EC-9069-4D88-8A2B-6C999848CA12}.Release|Any CPU.Build.0 = Release|Any CPU
		{C6DB7659-3EE9-4F09-B175-F4DB8E27A207}.Debug|Any CPU.ActiveCfg = Debug|Any CPU
		{C6DB7659-3EE9-4F09-B175-F4DB8E27A207}.Debug|Any CPU.Build.0 = Debug|Any CPU
		{C6DB7659-3EE9-4F09-B175-F4DB8E27A207}.EasyTest|Any CPU.ActiveCfg = Release|Any CPU
		{C6DB7659-3EE9-4F09-B175-F4DB8E27A207}.EasyTest|Any CPU.Build.0 = Release|Any CPU
		{C6DB7659-3EE9-4F09-B175-F4DB8E27A207}.Release|Any CPU.ActiveCfg = Release|Any CPU
		{C6DB7659-3EE9-4F09-B175-F4DB8E27A207}.Release|Any CPU.Build.0 = Release|Any CPU
	EndGlobalSection
	GlobalSection(SolutionProperties) = preSolution
		HideSolutionNode = FALSE
	EndGlobalSection
EndGlobal
